// !$*UTF8*$!
{
	archiveVersion = 1;
	classes = {
	};
	objectVersion = 46;
	objects = {

/* Begin PBXBuildFile section */
		240E524112ABBA95005575CE /* NSManagedObjectContext+DCTAsynchronousDataFetching.m in Sources */ = {isa = PBXBuildFile; fileRef = 240E4FDB12ABBA95005575CE /* NSManagedObjectContext+DCTAsynchronousDataFetching.m */; };
		240E524212ABBA95005575CE /* NSManagedObjectContext+DCTAsynchronousTasks.m in Sources */ = {isa = PBXBuildFile; fileRef = 240E4FDD12ABBA95005575CE /* NSManagedObjectContext+DCTAsynchronousTasks.m */; };
		240E524312ABBA95005575CE /* NSAttributeDescription+DCTObjectCheck.m in Sources */ = {isa = PBXBuildFile; fileRef = 240E4FE012ABBA95005575CE /* NSAttributeDescription+DCTObjectCheck.m */; };
		240E524412ABBA95005575CE /* NSDictionary+DCTKeyForObject.m in Sources */ = {isa = PBXBuildFile; fileRef = 240E4FE212ABBA95005575CE /* NSDictionary+DCTKeyForObject.m */; };
		240E524512ABBA95005575CE /* NSEntityDescription+DCTObjectCheck.m in Sources */ = {isa = PBXBuildFile; fileRef = 240E4FE412ABBA95005575CE /* NSEntityDescription+DCTObjectCheck.m */; };
		240E524612ABBA95005575CE /* NSManagedObject+DCTAutomatedSetup.m in Sources */ = {isa = PBXBuildFile; fileRef = 240E4FE612ABBA95005575CE /* NSManagedObject+DCTAutomatedSetup.m */; };
		240E524712ABBA95005575CE /* NSManagedObject+DCTAutomatedSync.m in Sources */ = {isa = PBXBuildFile; fileRef = 240E4FE812ABBA95005575CE /* NSManagedObject+DCTAutomatedSync.m */; };
		240E525212ABBA95005575CE /* NSArray+DCTSortDescriptors.m in Sources */ = {isa = PBXBuildFile; fileRef = 240E500A12ABBA95005575CE /* NSArray+DCTSortDescriptors.m */; };
		240E525312ABBA95005575CE /* NSFetchedResultsController+DCTExtras.m in Sources */ = {isa = PBXBuildFile; fileRef = 240E500C12ABBA95005575CE /* NSFetchedResultsController+DCTExtras.m */; };
		240E525512ABBA95005575CE /* NSManagedObject+DCTExtras.m in Sources */ = {isa = PBXBuildFile; fileRef = 240E501012ABBA95005575CE /* NSManagedObject+DCTExtras.m */; };
		240E525612ABBA95005575CE /* NSManagedObject+DCTOrdering.m in Sources */ = {isa = PBXBuildFile; fileRef = 240E501212ABBA95005575CE /* NSManagedObject+DCTOrdering.m */; };
		240E525712ABBA95005575CE /* NSManagedObject+DCTRelatedObjects.m in Sources */ = {isa = PBXBuildFile; fileRef = 240E501412ABBA95005575CE /* NSManagedObject+DCTRelatedObjects.m */; };
		240E525812ABBA95005575CE /* NSManagedObjectContext+DCTDataFetching.m in Sources */ = {isa = PBXBuildFile; fileRef = 240E501612ABBA95005575CE /* NSManagedObjectContext+DCTDataFetching.m */; };
		240E525912ABBA95005575CE /* NSManagedObjectContext+DCTExtras.m in Sources */ = {isa = PBXBuildFile; fileRef = 240E501812ABBA95005575CE /* NSManagedObjectContext+DCTExtras.m */; };
		240E525A12ABBA95005575CE /* NSPredicate+DCTExtras.m in Sources */ = {isa = PBXBuildFile; fileRef = 240E501A12ABBA95005575CE /* NSPredicate+DCTExtras.m */; };
		246A872B1251E05700DA85C3 /* DCTCoreData.xcdatamodel in Sources */ = {isa = PBXBuildFile; fileRef = 246A872A1251E05700DA85C3 /* DCTCoreData.xcdatamodel */; };
		246A87361251E0B000DA85C3 /* DCTCDItem.m in Sources */ = {isa = PBXBuildFile; fileRef = 246A87331251E0B000DA85C3 /* DCTCDItem.m */; };
		246A87371251E0B000DA85C3 /* DCTCDGroup.m in Sources */ = {isa = PBXBuildFile; fileRef = 246A87351251E0B000DA85C3 /* DCTCDGroup.m */; };
		246A873E1251E10800DA85C3 /* DCTCDItem+DCTManagedObjectAutomatedSetup.m in Sources */ = {isa = PBXBuildFile; fileRef = 246A873D1251E10800DA85C3 /* DCTCDItem+DCTManagedObjectAutomatedSetup.m */; };
		246A87431251E11A00DA85C3 /* DCTCDGroup+DCTManagedObjectAutomatedSetup.m in Sources */ = {isa = PBXBuildFile; fileRef = 246A87421251E11A00DA85C3 /* DCTCDGroup+DCTManagedObjectAutomatedSetup.m */; };
		24714B9C124F963D00817366 /* UIKit.framework in Frameworks */ = {isa = PBXBuildFile; fileRef = 24714B9B124F963D00817366 /* UIKit.framework */; };
		24714B9E124F963D00817366 /* Foundation.framework in Frameworks */ = {isa = PBXBuildFile; fileRef = 24714B9D124F963D00817366 /* Foundation.framework */; };
		24714BA0124F963D00817366 /* CoreGraphics.framework in Frameworks */ = {isa = PBXBuildFile; fileRef = 24714B9F124F963D00817366 /* CoreGraphics.framework */; };
		24714BA2124F963D00817366 /* CoreData.framework in Frameworks */ = {isa = PBXBuildFile; fileRef = 24714BA1124F963D00817366 /* CoreData.framework */; };
		24714BA7124F963D00817366 /* InfoPlist.strings in Resources */ = {isa = PBXBuildFile; fileRef = 24714BA5124F963D00817366 /* InfoPlist.strings */; };
		24714BA9124F963D00817366 /* main.m in Sources */ = {isa = PBXBuildFile; fileRef = 24714BA8124F963D00817366 /* main.m */; };
		24714BAC124F963D00817366 /* DCTCoreDataAppDelegate.m in Sources */ = {isa = PBXBuildFile; fileRef = 24714BAB124F963D00817366 /* DCTCoreDataAppDelegate.m */; };
		24714BB2124F963D00817366 /* MainWindow_iPhone.xib in Resources */ = {isa = PBXBuildFile; fileRef = 24714BB0124F963D00817366 /* MainWindow_iPhone.xib */; };
		24714BB5124F963D00817366 /* MainWindow_iPad.xib in Resources */ = {isa = PBXBuildFile; fileRef = 24714BB3124F963D00817366 /* MainWindow_iPad.xib */; };
		24714BB8124F963D00817366 /* DCTCoreDataAppDelegate_iPhone.m in Sources */ = {isa = PBXBuildFile; fileRef = 24714BB7124F963D00817366 /* DCTCoreDataAppDelegate_iPhone.m */; };
		24714BBB124F963D00817366 /* DCTCoreDataAppDelegate_iPad.m in Sources */ = {isa = PBXBuildFile; fileRef = 24714BBA124F963D00817366 /* DCTCoreDataAppDelegate_iPad.m */; };
		24F07C6512ABE25F00AD7E2A /* NSFetchRequest+DCTExtras.m in Sources */ = {isa = PBXBuildFile; fileRef = 24F07C6412ABE25F00AD7E2A /* NSFetchRequest+DCTExtras.m */; };
/* End PBXBuildFile section */

/* Begin PBXFileReference section */
		240E4FDA12ABBA95005575CE /* NSManagedObjectContext+DCTAsynchronousDataFetching.h */ = {isa = PBXFileReference; fileEncoding = 4; lastKnownFileType = sourcecode.c.h; path = "NSManagedObjectContext+DCTAsynchronousDataFetching.h"; sourceTree = "<group>"; };
		240E4FDB12ABBA95005575CE /* NSManagedObjectContext+DCTAsynchronousDataFetching.m */ = {isa = PBXFileReference; fileEncoding = 4; lastKnownFileType = sourcecode.c.objc; path = "NSManagedObjectContext+DCTAsynchronousDataFetching.m"; sourceTree = "<group>"; };
		240E4FDC12ABBA95005575CE /* NSManagedObjectContext+DCTAsynchronousTasks.h */ = {isa = PBXFileReference; fileEncoding = 4; lastKnownFileType = sourcecode.c.h; lineEnding = 0; path = "NSManagedObjectContext+DCTAsynchronousTasks.h"; sourceTree = "<group>"; xcLanguageSpecificationIdentifier = xcode.lang.objcpp; };
		240E4FDD12ABBA95005575CE /* NSManagedObjectContext+DCTAsynchronousTasks.m */ = {isa = PBXFileReference; fileEncoding = 4; lastKnownFileType = sourcecode.c.objc; lineEnding = 0; path = "NSManagedObjectContext+DCTAsynchronousTasks.m"; sourceTree = "<group>"; xcLanguageSpecificationIdentifier = xcode.lang.objc; };
		240E4FDF12ABBA95005575CE /* NSAttributeDescription+DCTObjectCheck.h */ = {isa = PBXFileReference; fileEncoding = 4; lastKnownFileType = sourcecode.c.h; path = "NSAttributeDescription+DCTObjectCheck.h"; sourceTree = "<group>"; };
		240E4FE012ABBA95005575CE /* NSAttributeDescription+DCTObjectCheck.m */ = {isa = PBXFileReference; fileEncoding = 4; lastKnownFileType = sourcecode.c.objc; path = "NSAttributeDescription+DCTObjectCheck.m"; sourceTree = "<group>"; };
		240E4FE112ABBA95005575CE /* NSDictionary+DCTKeyForObject.h */ = {isa = PBXFileReference; fileEncoding = 4; lastKnownFileType = sourcecode.c.h; path = "NSDictionary+DCTKeyForObject.h"; sourceTree = "<group>"; };
		240E4FE212ABBA95005575CE /* NSDictionary+DCTKeyForObject.m */ = {isa = PBXFileReference; fileEncoding = 4; lastKnownFileType = sourcecode.c.objc; path = "NSDictionary+DCTKeyForObject.m"; sourceTree = "<group>"; };
		240E4FE312ABBA95005575CE /* NSEntityDescription+DCTObjectCheck.h */ = {isa = PBXFileReference; fileEncoding = 4; lastKnownFileType = sourcecode.c.h; path = "NSEntityDescription+DCTObjectCheck.h"; sourceTree = "<group>"; };
		240E4FE412ABBA95005575CE /* NSEntityDescription+DCTObjectCheck.m */ = {isa = PBXFileReference; fileEncoding = 4; lastKnownFileType = sourcecode.c.objc; path = "NSEntityDescription+DCTObjectCheck.m"; sourceTree = "<group>"; };
		240E4FE512ABBA95005575CE /* NSManagedObject+DCTAutomatedSetup.h */ = {isa = PBXFileReference; fileEncoding = 4; lastKnownFileType = sourcecode.c.h; path = "NSManagedObject+DCTAutomatedSetup.h"; sourceTree = "<group>"; };
		240E4FE612ABBA95005575CE /* NSManagedObject+DCTAutomatedSetup.m */ = {isa = PBXFileReference; fileEncoding = 4; lastKnownFileType = sourcecode.c.objc; path = "NSManagedObject+DCTAutomatedSetup.m"; sourceTree = "<group>"; };
		240E4FE712ABBA95005575CE /* NSManagedObject+DCTAutomatedSync.h */ = {isa = PBXFileReference; fileEncoding = 4; lastKnownFileType = sourcecode.c.h; path = "NSManagedObject+DCTAutomatedSync.h"; sourceTree = "<group>"; };
		240E4FE812ABBA95005575CE /* NSManagedObject+DCTAutomatedSync.m */ = {isa = PBXFileReference; fileEncoding = 4; lastKnownFileType = sourcecode.c.objc; path = "NSManagedObject+DCTAutomatedSync.m"; sourceTree = "<group>"; };
		240E500912ABBA95005575CE /* NSArray+DCTSortDescriptors.h */ = {isa = PBXFileReference; fileEncoding = 4; lastKnownFileType = sourcecode.c.h; path = "NSArray+DCTSortDescriptors.h"; sourceTree = "<group>"; };
		240E500A12ABBA95005575CE /* NSArray+DCTSortDescriptors.m */ = {isa = PBXFileReference; fileEncoding = 4; lastKnownFileType = sourcecode.c.objc; path = "NSArray+DCTSortDescriptors.m"; sourceTree = "<group>"; };
		240E500B12ABBA95005575CE /* NSFetchedResultsController+DCTExtras.h */ = {isa = PBXFileReference; fileEncoding = 4; lastKnownFileType = sourcecode.c.h; path = "NSFetchedResultsController+DCTExtras.h"; sourceTree = "<group>"; };
		240E500C12ABBA95005575CE /* NSFetchedResultsController+DCTExtras.m */ = {isa = PBXFileReference; fileEncoding = 4; lastKnownFileType = sourcecode.c.objc; path = "NSFetchedResultsController+DCTExtras.m"; sourceTree = "<group>"; };
		240E500F12ABBA95005575CE /* NSManagedObject+DCTExtras.h */ = {isa = PBXFileReference; fileEncoding = 4; lastKnownFileType = sourcecode.c.h; path = "NSManagedObject+DCTExtras.h"; sourceTree = "<group>"; };
		240E501012ABBA95005575CE /* NSManagedObject+DCTExtras.m */ = {isa = PBXFileReference; fileEncoding = 4; lastKnownFileType = sourcecode.c.objc; path = "NSManagedObject+DCTExtras.m"; sourceTree = "<group>"; };
		240E501112ABBA95005575CE /* NSManagedObject+DCTOrdering.h */ = {isa = PBXFileReference; fileEncoding = 4; lastKnownFileType = sourcecode.c.h; path = "NSManagedObject+DCTOrdering.h"; sourceTree = "<group>"; };
		240E501212ABBA95005575CE /* NSManagedObject+DCTOrdering.m */ = {isa = PBXFileReference; fileEncoding = 4; lastKnownFileType = sourcecode.c.objc; path = "NSManagedObject+DCTOrdering.m"; sourceTree = "<group>"; };
		240E501312ABBA95005575CE /* NSManagedObject+DCTRelatedObjects.h */ = {isa = PBXFileReference; fileEncoding = 4; lastKnownFileType = sourcecode.c.h; path = "NSManagedObject+DCTRelatedObjects.h"; sourceTree = "<group>"; };
		240E501412ABBA95005575CE /* NSManagedObject+DCTRelatedObjects.m */ = {isa = PBXFileReference; fileEncoding = 4; lastKnownFileType = sourcecode.c.objc; path = "NSManagedObject+DCTRelatedObjects.m"; sourceTree = "<group>"; };
		240E501512ABBA95005575CE /* NSManagedObjectContext+DCTDataFetching.h */ = {isa = PBXFileReference; fileEncoding = 4; lastKnownFileType = sourcecode.c.h; path = "NSManagedObjectContext+DCTDataFetching.h"; sourceTree = "<group>"; };
		240E501612ABBA95005575CE /* NSManagedObjectContext+DCTDataFetching.m */ = {isa = PBXFileReference; fileEncoding = 4; lastKnownFileType = sourcecode.c.objc; path = "NSManagedObjectContext+DCTDataFetching.m"; sourceTree = "<group>"; };
		240E501712ABBA95005575CE /* NSManagedObjectContext+DCTExtras.h */ = {isa = PBXFileReference; fileEncoding = 4; lastKnownFileType = sourcecode.c.h; path = "NSManagedObjectContext+DCTExtras.h"; sourceTree = "<group>"; };
		240E501812ABBA95005575CE /* NSManagedObjectContext+DCTExtras.m */ = {isa = PBXFileReference; fileEncoding = 4; lastKnownFileType = sourcecode.c.objc; path = "NSManagedObjectContext+DCTExtras.m"; sourceTree = "<group>"; };
		240E501912ABBA95005575CE /* NSPredicate+DCTExtras.h */ = {isa = PBXFileReference; fileEncoding = 4; lastKnownFileType = sourcecode.c.h; path = "NSPredicate+DCTExtras.h"; sourceTree = "<group>"; };
		240E501A12ABBA95005575CE /* NSPredicate+DCTExtras.m */ = {isa = PBXFileReference; fileEncoding = 4; lastKnownFileType = sourcecode.c.objc; path = "NSPredicate+DCTExtras.m"; sourceTree = "<group>"; };
		246A872A1251E05700DA85C3 /* DCTCoreData.xcdatamodel */ = {isa = PBXFileReference; fileEncoding = 4; lastKnownFileType = wrapper.xcdatamodel; path = DCTCoreData.xcdatamodel; sourceTree = "<group>"; };
		246A87321251E0B000DA85C3 /* DCTCDItem.h */ = {isa = PBXFileReference; fileEncoding = 4; lastKnownFileType = sourcecode.c.h; path = DCTCDItem.h; sourceTree = "<group>"; };
		246A87331251E0B000DA85C3 /* DCTCDItem.m */ = {isa = PBXFileReference; fileEncoding = 4; lastKnownFileType = sourcecode.c.objc; path = DCTCDItem.m; sourceTree = "<group>"; };
		246A87341251E0B000DA85C3 /* DCTCDGroup.h */ = {isa = PBXFileReference; fileEncoding = 4; lastKnownFileType = sourcecode.c.h; path = DCTCDGroup.h; sourceTree = "<group>"; };
		246A87351251E0B000DA85C3 /* DCTCDGroup.m */ = {isa = PBXFileReference; fileEncoding = 4; lastKnownFileType = sourcecode.c.objc; path = DCTCDGroup.m; sourceTree = "<group>"; };
		246A873C1251E10800DA85C3 /* DCTCDItem+DCTManagedObjectAutomatedSetup.h */ = {isa = PBXFileReference; fileEncoding = 4; lastKnownFileType = sourcecode.c.h; path = "DCTCDItem+DCTManagedObjectAutomatedSetup.h"; sourceTree = "<group>"; };
		246A873D1251E10800DA85C3 /* DCTCDItem+DCTManagedObjectAutomatedSetup.m */ = {isa = PBXFileReference; fileEncoding = 4; lastKnownFileType = sourcecode.c.objc; path = "DCTCDItem+DCTManagedObjectAutomatedSetup.m"; sourceTree = "<group>"; };
		246A87411251E11A00DA85C3 /* DCTCDGroup+DCTManagedObjectAutomatedSetup.h */ = {isa = PBXFileReference; fileEncoding = 4; lastKnownFileType = sourcecode.c.h; path = "DCTCDGroup+DCTManagedObjectAutomatedSetup.h"; sourceTree = "<group>"; };
		246A87421251E11A00DA85C3 /* DCTCDGroup+DCTManagedObjectAutomatedSetup.m */ = {isa = PBXFileReference; fileEncoding = 4; lastKnownFileType = sourcecode.c.objc; path = "DCTCDGroup+DCTManagedObjectAutomatedSetup.m"; sourceTree = "<group>"; };
		24714B98124F963D00817366 /* DCTCoreData.app */ = {isa = PBXFileReference; explicitFileType = wrapper.application; includeInIndex = 0; path = DCTCoreData.app; sourceTree = BUILT_PRODUCTS_DIR; };
		24714B9B124F963D00817366 /* UIKit.framework */ = {isa = PBXFileReference; lastKnownFileType = wrapper.framework; name = UIKit.framework; path = System/Library/Frameworks/UIKit.framework; sourceTree = SDKROOT; };
		24714B9D124F963D00817366 /* Foundation.framework */ = {isa = PBXFileReference; lastKnownFileType = wrapper.framework; name = Foundation.framework; path = System/Library/Frameworks/Foundation.framework; sourceTree = SDKROOT; };
		24714B9F124F963D00817366 /* CoreGraphics.framework */ = {isa = PBXFileReference; lastKnownFileType = wrapper.framework; name = CoreGraphics.framework; path = System/Library/Frameworks/CoreGraphics.framework; sourceTree = SDKROOT; };
		24714BA1124F963D00817366 /* CoreData.framework */ = {isa = PBXFileReference; lastKnownFileType = wrapper.framework; name = CoreData.framework; path = System/Library/Frameworks/CoreData.framework; sourceTree = SDKROOT; };
		24714BA3124F963D00817366 /* DCTCoreData-Info.plist */ = {isa = PBXFileReference; lastKnownFileType = text.plist.xml; path = "DCTCoreData-Info.plist"; sourceTree = "<group>"; };
		24714BA4124F963D00817366 /* DCTCoreData_Prefix.pch */ = {isa = PBXFileReference; lastKnownFileType = sourcecode.c.h; path = DCTCoreData_Prefix.pch; sourceTree = "<group>"; };
		24714BA6124F963D00817366 /* en */ = {isa = PBXFileReference; lastKnownFileType = text.plist.strings; name = en; path = en.lproj/InfoPlist.strings; sourceTree = "<group>"; };
		24714BA8124F963D00817366 /* main.m */ = {isa = PBXFileReference; lastKnownFileType = sourcecode.c.objc; path = main.m; sourceTree = "<group>"; };
		24714BAA124F963D00817366 /* DCTCoreDataAppDelegate.h */ = {isa = PBXFileReference; lastKnownFileType = sourcecode.c.h; path = DCTCoreDataAppDelegate.h; sourceTree = "<group>"; };
		24714BAB124F963D00817366 /* DCTCoreDataAppDelegate.m */ = {isa = PBXFileReference; lastKnownFileType = sourcecode.c.objc; lineEnding = 0; path = DCTCoreDataAppDelegate.m; sourceTree = "<group>"; xcLanguageSpecificationIdentifier = xcode.lang.objc; };
		24714BB1124F963D00817366 /* en */ = {isa = PBXFileReference; lastKnownFileType = file.xib; name = en; path = en.lproj/MainWindow_iPhone.xib; sourceTree = "<group>"; };
		24714BB4124F963D00817366 /* en */ = {isa = PBXFileReference; lastKnownFileType = file.xib; name = en; path = en.lproj/MainWindow_iPad.xib; sourceTree = "<group>"; };
		24714BB6124F963D00817366 /* DCTCoreDataAppDelegate_iPhone.h */ = {isa = PBXFileReference; lastKnownFileType = sourcecode.c.h; path = DCTCoreDataAppDelegate_iPhone.h; sourceTree = "<group>"; };
		24714BB7124F963D00817366 /* DCTCoreDataAppDelegate_iPhone.m */ = {isa = PBXFileReference; lastKnownFileType = sourcecode.c.objc; path = DCTCoreDataAppDelegate_iPhone.m; sourceTree = "<group>"; };
		24714BB9124F963D00817366 /* DCTCoreDataAppDelegate_iPad.h */ = {isa = PBXFileReference; lastKnownFileType = sourcecode.c.h; path = DCTCoreDataAppDelegate_iPad.h; sourceTree = "<group>"; };
		24714BBA124F963D00817366 /* DCTCoreDataAppDelegate_iPad.m */ = {isa = PBXFileReference; lastKnownFileType = sourcecode.c.objc; path = DCTCoreDataAppDelegate_iPad.m; sourceTree = "<group>"; };
		24F07C6312ABE25F00AD7E2A /* NSFetchRequest+DCTExtras.h */ = {isa = PBXFileReference; fileEncoding = 4; lastKnownFileType = sourcecode.c.h; path = "NSFetchRequest+DCTExtras.h"; sourceTree = "<group>"; };
		24F07C6412ABE25F00AD7E2A /* NSFetchRequest+DCTExtras.m */ = {isa = PBXFileReference; fileEncoding = 4; lastKnownFileType = sourcecode.c.objc; path = "NSFetchRequest+DCTExtras.m"; sourceTree = "<group>"; };
/* End PBXFileReference section */

/* Begin PBXFrameworksBuildPhase section */
		24714B95124F963D00817366 /* Frameworks */ = {
			isa = PBXFrameworksBuildPhase;
			buildActionMask = 2147483647;
			files = (
				24714B9C124F963D00817366 /* UIKit.framework in Frameworks */,
				24714B9E124F963D00817366 /* Foundation.framework in Frameworks */,
				24714BA0124F963D00817366 /* CoreGraphics.framework in Frameworks */,
				24714BA2124F963D00817366 /* CoreData.framework in Frameworks */,
			);
			runOnlyForDeploymentPostprocessing = 0;
		};
/* End PBXFrameworksBuildPhase section */

/* Begin PBXGroup section */
		240E4CBF12ABBA90005575CE /* DCTCoreData */ = {
			isa = PBXGroup;
			children = (
				240E4FD912ABBA95005575CE /* Asynchronous */,
				240E4FDE12ABBA95005575CE /* Automated Setup */,
				240E500912ABBA95005575CE /* NSArray+DCTSortDescriptors.h */,
				240E500A12ABBA95005575CE /* NSArray+DCTSortDescriptors.m */,
				240E500B12ABBA95005575CE /* NSFetchedResultsController+DCTExtras.h */,
				240E500C12ABBA95005575CE /* NSFetchedResultsController+DCTExtras.m */,
				24F07C6312ABE25F00AD7E2A /* NSFetchRequest+DCTExtras.h */,
				24F07C6412ABE25F00AD7E2A /* NSFetchRequest+DCTExtras.m */,
				240E500F12ABBA95005575CE /* NSManagedObject+DCTExtras.h */,
				240E501012ABBA95005575CE /* NSManagedObject+DCTExtras.m */,
				240E501112ABBA95005575CE /* NSManagedObject+DCTOrdering.h */,
				240E501212ABBA95005575CE /* NSManagedObject+DCTOrdering.m */,
				240E501312ABBA95005575CE /* NSManagedObject+DCTRelatedObjects.h */,
				240E501412ABBA95005575CE /* NSManagedObject+DCTRelatedObjects.m */,
				240E501512ABBA95005575CE /* NSManagedObjectContext+DCTDataFetching.h */,
				240E501612ABBA95005575CE /* NSManagedObjectContext+DCTDataFetching.m */,
				240E501712ABBA95005575CE /* NSManagedObjectContext+DCTExtras.h */,
				240E501812ABBA95005575CE /* NSManagedObjectContext+DCTExtras.m */,
				240E501912ABBA95005575CE /* NSPredicate+DCTExtras.h */,
				240E501A12ABBA95005575CE /* NSPredicate+DCTExtras.m */,
			);
			name = DCTCoreData;
			path = /Users/danielctull/Dropbox/Programs/Cocoa/Frameworks/DCTCoreData;
			sourceTree = "<absolute>";
		};
		240E4FD912ABBA95005575CE /* Asynchronous */ = {
			isa = PBXGroup;
			children = (
				240E4FDA12ABBA95005575CE /* NSManagedObjectContext+DCTAsynchronousDataFetching.h */,
				240E4FDB12ABBA95005575CE /* NSManagedObjectContext+DCTAsynchronousDataFetching.m */,
				240E4FDC12ABBA95005575CE /* NSManagedObjectContext+DCTAsynchronousTasks.h */,
				240E4FDD12ABBA95005575CE /* NSManagedObjectContext+DCTAsynchronousTasks.m */,
			);
			path = Asynchronous;
			sourceTree = "<group>";
		};
		240E4FDE12ABBA95005575CE /* Automated Setup */ = {
			isa = PBXGroup;
			children = (
				240E4FDF12ABBA95005575CE /* NSAttributeDescription+DCTObjectCheck.h */,
				240E4FE012ABBA95005575CE /* NSAttributeDescription+DCTObjectCheck.m */,
				240E4FE112ABBA95005575CE /* NSDictionary+DCTKeyForObject.h */,
				240E4FE212ABBA95005575CE /* NSDictionary+DCTKeyForObject.m */,
				240E4FE312ABBA95005575CE /* NSEntityDescription+DCTObjectCheck.h */,
				240E4FE412ABBA95005575CE /* NSEntityDescription+DCTObjectCheck.m */,
				240E4FE512ABBA95005575CE /* NSManagedObject+DCTAutomatedSetup.h */,
				240E4FE612ABBA95005575CE /* NSManagedObject+DCTAutomatedSetup.m */,
				240E4FE712ABBA95005575CE /* NSManagedObject+DCTAutomatedSync.h */,
				240E4FE812ABBA95005575CE /* NSManagedObject+DCTAutomatedSync.m */,
			);
			path = "Automated Setup";
			sourceTree = "<group>";
		};
		246A87291251E05700DA85C3 /* Model */ = {
			isa = PBXGroup;
			children = (
				246A87321251E0B000DA85C3 /* DCTCDItem.h */,
				246A87331251E0B000DA85C3 /* DCTCDItem.m */,
				246A87341251E0B000DA85C3 /* DCTCDGroup.h */,
				246A87351251E0B000DA85C3 /* DCTCDGroup.m */,
				246A872A1251E05700DA85C3 /* DCTCoreData.xcdatamodel */,
				246A873C1251E10800DA85C3 /* DCTCDItem+DCTManagedObjectAutomatedSetup.h */,
				246A873D1251E10800DA85C3 /* DCTCDItem+DCTManagedObjectAutomatedSetup.m */,
				246A87411251E11A00DA85C3 /* DCTCDGroup+DCTManagedObjectAutomatedSetup.h */,
				246A87421251E11A00DA85C3 /* DCTCDGroup+DCTManagedObjectAutomatedSetup.m */,
			);
			path = Model;
			sourceTree = "<group>";
		};
		24714B87124F963D00817366 = {
			isa = PBXGroup;
			children = (
				240E4CBF12ABBA90005575CE /* DCTCoreData */,
				246A87291251E05700DA85C3 /* Model */,
				24714B8E124F963D00817366 /* iPhone */,
				24714B8F124F963D00817366 /* iPad */,
				24714B90124F963D00817366 /* Classes */,
				24714B91124F963D00817366 /* Other Sources */,
				24714B92124F963D00817366 /* Resources */,
				24714B93124F963D00817366 /* Frameworks */,
				24714B99124F963D00817366 /* Products */,
			);
			sourceTree = "<group>";
		};
		24714B8E124F963D00817366 /* iPhone */ = {
			isa = PBXGroup;
			children = (
				24714BB0124F963D00817366 /* MainWindow_iPhone.xib */,
				24714BB6124F963D00817366 /* DCTCoreDataAppDelegate_iPhone.h */,
				24714BB7124F963D00817366 /* DCTCoreDataAppDelegate_iPhone.m */,
			);
			path = iPhone;
			sourceTree = "<group>";
		};
		24714B8F124F963D00817366 /* iPad */ = {
			isa = PBXGroup;
			children = (
				24714BB3124F963D00817366 /* MainWindow_iPad.xib */,
				24714BB9124F963D00817366 /* DCTCoreDataAppDelegate_iPad.h */,
				24714BBA124F963D00817366 /* DCTCoreDataAppDelegate_iPad.m */,
			);
			path = iPad;
			sourceTree = "<group>";
		};
		24714B90124F963D00817366 /* Classes */ = {
			isa = PBXGroup;
			children = (
				24714BAA124F963D00817366 /* DCTCoreDataAppDelegate.h */,
				24714BAB124F963D00817366 /* DCTCoreDataAppDelegate.m */,
			);
			path = Classes;
			sourceTree = "<group>";
		};
		24714B91124F963D00817366 /* Other Sources */ = {
			isa = PBXGroup;
			children = (
				24714BA4124F963D00817366 /* DCTCoreData_Prefix.pch */,
				24714BA8124F963D00817366 /* main.m */,
			);
			name = "Other Sources";
			sourceTree = "<group>";
		};
		24714B92124F963D00817366 /* Resources */ = {
			isa = PBXGroup;
			children = (
				24714BA3124F963D00817366 /* DCTCoreData-Info.plist */,
				24714BA5124F963D00817366 /* InfoPlist.strings */,
			);
			name = Resources;
			sourceTree = "<group>";
		};
		24714B93124F963D00817366 /* Frameworks */ = {
			isa = PBXGroup;
			children = (
				24714B9B124F963D00817366 /* UIKit.framework */,
				24714B9D124F963D00817366 /* Foundation.framework */,
				24714B9F124F963D00817366 /* CoreGraphics.framework */,
				24714BA1124F963D00817366 /* CoreData.framework */,
			);
			name = Frameworks;
			sourceTree = "<group>";
		};
		24714B99124F963D00817366 /* Products */ = {
			isa = PBXGroup;
			children = (
				24714B98124F963D00817366 /* DCTCoreData.app */,
			);
			name = Products;
			sourceTree = "<group>";
		};
/* End PBXGroup section */

/* Begin PBXNativeTarget section */
		24714B97124F963D00817366 /* DCTCoreData */ = {
			isa = PBXNativeTarget;
			buildConfigurationList = 24714BBE124F963D00817366 /* Build configuration list for PBXNativeTarget "DCTCoreData" */;
			buildPhases = (
				24714B94124F963D00817366 /* Sources */,
				24714B95124F963D00817366 /* Frameworks */,
				24714B96124F963D00817366 /* Resources */,
			);
			buildRules = (
			);
			dependencies = (
			);
			name = DCTCoreData;
			productName = DCTCoreData;
			productReference = 24714B98124F963D00817366 /* DCTCoreData.app */;
			productType = "com.apple.product-type.application";
		};
/* End PBXNativeTarget section */

/* Begin PBXProject section */
		24714B89124F963D00817366 /* Project object */ = {
			isa = PBXProject;
			attributes = {
				ORGANIZATIONNAME = "Daniel Tull";
			};
			buildConfigurationList = 24714B8C124F963D00817366 /* Build configuration list for PBXProject "DCTCoreData" */;
			compatibilityVersion = "Xcode 3.2";
			developmentRegion = English;
			hasScannedForEncodings = 0;
			knownRegions = (
				en,
			);
			mainGroup = 24714B87124F963D00817366;
			productRefGroup = 24714B99124F963D00817366 /* Products */;
			projectDirPath = "";
			projectRoot = "";
			targets = (
				24714B97124F963D00817366 /* DCTCoreData */,
			);
		};
/* End PBXProject section */

/* Begin PBXResourcesBuildPhase section */
		24714B96124F963D00817366 /* Resources */ = {
			isa = PBXResourcesBuildPhase;
			buildActionMask = 2147483647;
			files = (
				24714BA7124F963D00817366 /* InfoPlist.strings in Resources */,
				24714BB2124F963D00817366 /* MainWindow_iPhone.xib in Resources */,
				24714BB5124F963D00817366 /* MainWindow_iPad.xib in Resources */,
			);
			runOnlyForDeploymentPostprocessing = 0;
		};
/* End PBXResourcesBuildPhase section */

/* Begin PBXSourcesBuildPhase section */
		24714B94124F963D00817366 /* Sources */ = {
			isa = PBXSourcesBuildPhase;
			buildActionMask = 2147483647;
			files = (
				24714BA9124F963D00817366 /* main.m in Sources */,
				24714BAC124F963D00817366 /* DCTCoreDataAppDelegate.m in Sources */,
				24714BB8124F963D00817366 /* DCTCoreDataAppDelegate_iPhone.m in Sources */,
				24714BBB124F963D00817366 /* DCTCoreDataAppDelegate_iPad.m in Sources */,
				246A872B1251E05700DA85C3 /* DCTCoreData.xcdatamodel in Sources */,
				246A87361251E0B000DA85C3 /* DCTCDItem.m in Sources */,
				246A87371251E0B000DA85C3 /* DCTCDGroup.m in Sources */,
				246A873E1251E10800DA85C3 /* DCTCDItem+DCTManagedObjectAutomatedSetup.m in Sources */,
				246A87431251E11A00DA85C3 /* DCTCDGroup+DCTManagedObjectAutomatedSetup.m in Sources */,
				240E524112ABBA95005575CE /* NSManagedObjectContext+DCTAsynchronousDataFetching.m in Sources */,
				240E524212ABBA95005575CE /* NSManagedObjectContext+DCTAsynchronousTasks.m in Sources */,
				240E524312ABBA95005575CE /* NSAttributeDescription+DCTObjectCheck.m in Sources */,
				240E524412ABBA95005575CE /* NSDictionary+DCTKeyForObject.m in Sources */,
				240E524512ABBA95005575CE /* NSEntityDescription+DCTObjectCheck.m in Sources */,
				240E524612ABBA95005575CE /* NSManagedObject+DCTAutomatedSetup.m in Sources */,
				240E524712ABBA95005575CE /* NSManagedObject+DCTAutomatedSync.m in Sources */,
				240E525212ABBA95005575CE /* NSArray+DCTSortDescriptors.m in Sources */,
				240E525312ABBA95005575CE /* NSFetchedResultsController+DCTExtras.m in Sources */,
				240E525512ABBA95005575CE /* NSManagedObject+DCTExtras.m in Sources */,
				240E525612ABBA95005575CE /* NSManagedObject+DCTOrdering.m in Sources */,
				240E525712ABBA95005575CE /* NSManagedObject+DCTRelatedObjects.m in Sources */,
				240E525812ABBA95005575CE /* NSManagedObjectContext+DCTDataFetching.m in Sources */,
				240E525912ABBA95005575CE /* NSManagedObjectContext+DCTExtras.m in Sources */,
				240E525A12ABBA95005575CE /* NSPredicate+DCTExtras.m in Sources */,
				24F07C6512ABE25F00AD7E2A /* NSFetchRequest+DCTExtras.m in Sources */,
			);
			runOnlyForDeploymentPostprocessing = 0;
		};
/* End PBXSourcesBuildPhase section */

/* Begin PBXVariantGroup section */
		24714BA5124F963D00817366 /* InfoPlist.strings */ = {
			isa = PBXVariantGroup;
			children = (
				24714BA6124F963D00817366 /* en */,
			);
			name = InfoPlist.strings;
			sourceTree = "<group>";
		};
		24714BB0124F963D00817366 /* MainWindow_iPhone.xib */ = {
			isa = PBXVariantGroup;
			children = (
				24714BB1124F963D00817366 /* en */,
			);
			name = MainWindow_iPhone.xib;
			sourceTree = "<group>";
		};
		24714BB3124F963D00817366 /* MainWindow_iPad.xib */ = {
			isa = PBXVariantGroup;
			children = (
				24714BB4124F963D00817366 /* en */,
			);
			name = MainWindow_iPad.xib;
			sourceTree = "<group>";
		};
/* End PBXVariantGroup section */

/* Begin XCBuildConfiguration section */
		24714BBC124F963D00817366 /* Debug */ = {
			isa = XCBuildConfiguration;
			buildSettings = {
				ARCHS = "$(ARCHS_STANDARD_32_BIT)";
				"CODE_SIGN_IDENTITY[sdk=iphoneos*]" = "iPhone Developer";
				GCC_C_LANGUAGE_STANDARD = gnu99;
				GCC_OPTIMIZATION_LEVEL = 0;
				GCC_PREPROCESSOR_DEFINITIONS = DEBUG;
				GCC_WARN_ABOUT_RETURN_TYPE = YES;
				GCC_WARN_UNUSED_VARIABLE = YES;
				IPHONEOS_DEPLOYMENT_TARGET = 4.2;
				PREBINDING = NO;
				SDKROOT = iphoneos;
				TARGETED_DEVICE_FAMILY = "1,2";
			};
			name = Debug;
		};
		24714BBD124F963D00817366 /* Release */ = {
			isa = XCBuildConfiguration;
			buildSettings = {
				ARCHS = "$(ARCHS_STANDARD_32_BIT)";
				"CODE_SIGN_IDENTITY[sdk=iphoneos*]" = "iPhone Developer";
				GCC_C_LANGUAGE_STANDARD = gnu99;
				GCC_WARN_ABOUT_RETURN_TYPE = YES;
				GCC_WARN_UNUSED_VARIABLE = YES;
				IPHONEOS_DEPLOYMENT_TARGET = 4.2;
				OTHER_CFLAGS = "-DNS_BLOCK_ASSERTIONS=1";
				PREBINDING = NO;
				SDKROOT = iphoneos;
				TARGETED_DEVICE_FAMILY = "1,2";
			};
			name = Release;
		};
		24714BBF124F963D00817366 /* Debug */ = {
			isa = XCBuildConfiguration;
			buildSettings = {
				ALWAYS_SEARCH_USER_PATHS = NO;
				COPY_PHASE_STRIP = NO;
				GCC_DYNAMIC_NO_PIC = NO;
				GCC_PRECOMPILE_PREFIX_HEADER = YES;
				GCC_PREFIX_HEADER = DCTCoreData_Prefix.pch;
				INFOPLIST_FILE = "DCTCoreData-Info.plist";
				PRODUCT_NAME = DCTCoreData;
				WRAPPER_EXTENSION = app;
			};
			name = Debug;
		};
		24714BC0124F963D00817366 /* Release */ = {
			isa = XCBuildConfiguration;
			buildSettings = {
				ALWAYS_SEARCH_USER_PATHS = NO;
				COPY_PHASE_STRIP = YES;
				GCC_PRECOMPILE_PREFIX_HEADER = YES;
				GCC_PREFIX_HEADER = DCTCoreData_Prefix.pch;
				INFOPLIST_FILE = "DCTCoreData-Info.plist";
				PRODUCT_NAME = DCTCoreData;
				VALIDATE_PRODUCT = YES;
				WRAPPER_EXTENSION = app;
			};
			name = Release;
		};
/* End XCBuildConfiguration section */

/* Begin XCConfigurationList section */
		24714B8C124F963D00817366 /* Build configuration list for PBXProject "DCTCoreData" */ = {
			isa = XCConfigurationList;
			buildConfigurations = (
				24714BBC124F963D00817366 /* Debug */,
				24714BBD124F963D00817366 /* Release */,
			);
			defaultConfigurationIsVisible = 0;
			defaultConfigurationName = Release;
		};
		24714BBE124F963D00817366 /* Build configuration list for PBXNativeTarget "DCTCoreData" */ = {
			isa = XCConfigurationList;
			buildConfigurations = (
				24714BBF124F963D00817366 /* Debug */,
				24714BC0124F963D00817366 /* Release */,
			);
			defaultConfigurationIsVisible = 0;
			defaultConfigurationName = Release;
		};
/* End XCConfigurationList section */
	};
	rootObject = 24714B89124F963D00817366 /* Project object */;
}
